<Solution>
  <Folder Name="/docs/">
    <File Path="docs/00.migrations.md" />
    <File Path="docs/01.Shared.entities.md" />
    <File Path="docs/01.shared.enums.md" />
    <File Path="docs/01.shared.infrastructure-repository.md" />
    <File Path="docs/01.shared.infrastructure-uow.md" />
     <File Path="docs/03.iam.docker.md" />
     <File Path="docs/03.iam.entities.md" />
     <File Path="docs/03.iam.folder-structure.md" />
     <File Path="docs/03.iam.libraries.md" />
  </Folder>
  <Folder Name="/infra/">
    <File Path="infra/.env" />
    <File Path="infra/clean-database.sql" />
    <File Path="infra/docker-compose.mongodb.yaml" />
    <File Path="infra/docker-compose.postgresql.yaml" />
    <File Path="infra/docker-compose.redis.yaml" />
    <File Path="infra/dotnet.create-module-shared.ps1" />
    <File Path="infra/dotnet.create-module.ps1" />
    <File Path="infra/iam.db-backup.ps1" />
    <File Path="infra/servers.json" />
    <File Path="infra/start-infra.ps1" />
  </Folder>
  <Folder Name="/Solution Items/">
    <File Path=".gitignore" />
    <File Path="LICENSE" />
    <File Path="readme.md" />
  </Folder>
  <Folder Name="/src/" />
   <Folder Name="/src/01.Shared/">
      <Project Path="src/01.Shared/Shared.Application/Shared.Application.csproj" />
      <Project Path="src/01.Shared/Shared.Domain/Shared.Domain.csproj" />
      <Project Path="src/01.Shared/Shared.Infrastructure/Shared.Infrastructure.csproj" />
   </Folder>
  <Folder Name="/src/02.Sentinel/">
    <Project Path="src/02.Sentinel/Sentinel.API/Sentinel.API.csproj" />
    <Project Path="src/02.Sentinel/Sentinel.Application/Sentinel.Application.csproj" />
    <Project Path="src/02.Sentinel/Sentinel.Domain/Sentinel.Domain.csproj" />
    <Project Path="src/02.Sentinel/Sentinel.Infrastructure/Sentinel.Infrastructure.csproj" />
  </Folder>
   <Folder Name="/src/03.IAM/">
      <Project Path="src/03.IAM/IAM.API/IAM.API.csproj" />
      <Project Path="src/03.IAM/IAM.Application/IAM.Application.csproj" />
      <Project Path="src/03.IAM/IAM.Domain/IAM.Domain.csproj" />
      <Project Path="src/03.IAM/IAM.Infrastructure/IAM.Infrastructure.csproj" />
   </Folder>
  <Folder Name="/tests/" />
  <Folder Name="/tests/01.Shared/">
    <Project Path="tests/01.Shared/Shared.Application.Tests/Shared.Application.Tests.csproj" />
    <Project Path="tests/01.Shared/Shared.Domain.Tests/Shared.Domain.Tests.csproj" />
    <Project Path="tests/01.Shared/Shared.Infrastructure.Tests/Shared.Infrastructure.Tests.csproj" />
  </Folder>
  <Folder Name="/tests/02.Sentinel/">
    <Project Path="tests/02.Sentinel/Sentinel.Application.Tests/Sentinel.Application.Tests.csproj" />
  </Folder>
  <Folder Name="/tests/03.IAM/">
    <Project Path="tests/03.IAM/IAM.API.Tests/IAM.API.Tests.csproj" Id="bb8eda8c-92b7-4043-ba94-a3967ab24af3" />
    <Project Path="tests/03.IAM/IAM.Application.Tests/IAM.Application.Tests.csproj" />
  </Folder>
</Solution>
