Microsoft Visual Studio Solution File, Format Version 12.00
# Visual Studio Version 17
VisualStudioVersion = 17.5.2.0
MinimumVisualStudioVersion = 10.0.40219.1
Project("{2150E333-8FDC-42A3-9474-1A3956D46DE8}") = "01.Shared", "01.Shared", "{9364E166-87C3-36D9-DF19-F119B74C9C03}"
EndProject
Project("{2150E333-8FDC-42A3-9474-1A3956D46DE8}") = "02.IAM", "02.IAM", "{71FBB365-9758-C415-28F0-6869D3EDE9E7}"
EndProject
Project("{FAE04EC0-301F-11D3-BF4B-00C04F79EFBC}") = "Shared.Application", "01.Shared\Shared.Application\Shared.Application.csproj", "{C54B0EAF-67A3-529F-520D-6E14EF832FE0}"
EndProject
Project("{FAE04EC0-301F-11D3-BF4B-00C04F79EFBC}") = "Shared.Domain", "01.Shared\Shared.Domain\Shared.Domain.csproj", "{7FA6A233-7F73-C258-383F-D4D75C1AA433}"
EndProject
Project("{FAE04EC0-301F-11D3-BF4B-00C04F79EFBC}") = "Shared.Infrastructure", "01.Shared\Shared.Infrastructure\Shared.Infrastructure.csproj", "{0779BD2E-A24C-D01A-701A-59816A6C4A95}"
EndProject
Project("{FAE04EC0-301F-11D3-BF4B-00C04F79EFBC}") = "IAM.API", "02.IAM\IAM.API\IAM.API.csproj", "{541D2883-1BD2-1B47-2706-00EB3616B8BA}"
EndProject
Project("{FAE04EC0-301F-11D3-BF4B-00C04F79EFBC}") = "IAM.Application", "02.IAM\IAM.Application\IAM.Application.csproj", "{1A64D318-4630-B97A-F4CF-4C680A253F37}"
EndProject
Project("{FAE04EC0-301F-11D3-BF4B-00C04F79EFBC}") = "IAM.Domain", "02.IAM\IAM.Domain\IAM.Domain.csproj", "{ADF094EB-36AB-33EC-B340-E9426A5979FB}"
EndProject
Project("{FAE04EC0-301F-11D3-BF4B-00C04F79EFBC}") = "IAM.Infrastructure", "02.IAM\IAM.Infrastructure\IAM.Infrastructure.csproj", "{747CAC8A-2472-E64B-EAF2-634D7F452DC3}"
EndProject
Global
	GlobalSection(SolutionConfigurationPlatforms) = preSolution
		Debug|Any CPU = Debug|Any CPU
		Release|Any CPU = Release|Any CPU
	EndGlobalSection
	GlobalSection(ProjectConfigurationPlatforms) = postSolution
		{C54B0EAF-67A3-529F-520D-6E14EF832FE0}.Debug|Any CPU.ActiveCfg = Debug|Any CPU
		{C54B0EAF-67A3-529F-520D-6E14EF832FE0}.Debug|Any CPU.Build.0 = Debug|Any CPU
		{C54B0EAF-67A3-529F-520D-6E14EF832FE0}.Release|Any CPU.ActiveCfg = Release|Any CPU
		{C54B0EAF-67A3-529F-520D-6E14EF832FE0}.Release|Any CPU.Build.0 = Release|Any CPU
		{7FA6A233-7F73-C258-383F-D4D75C1AA433}.Debug|Any CPU.ActiveCfg = Debug|Any CPU
		{7FA6A233-7F73-C258-383F-D4D75C1AA433}.Debug|Any CPU.Build.0 = Debug|Any CPU
		{7FA6A233-7F73-C258-383F-D4D75C1AA433}.Release|Any CPU.ActiveCfg = Release|Any CPU
		{7FA6A233-7F73-C258-383F-D4D75C1AA433}.Release|Any CPU.Build.0 = Release|Any CPU
		{0779BD2E-A24C-D01A-701A-59816A6C4A95}.Debug|Any CPU.ActiveCfg = Debug|Any CPU
		{0779BD2E-A24C-D01A-701A-59816A6C4A95}.Debug|Any CPU.Build.0 = Debug|Any CPU
		{0779BD2E-A24C-D01A-701A-59816A6C4A95}.Release|Any CPU.ActiveCfg = Release|Any CPU
		{0779BD2E-A24C-D01A-701A-59816A6C4A95}.Release|Any CPU.Build.0 = Release|Any CPU
		{541D2883-1BD2-1B47-2706-00EB3616B8BA}.Debug|Any CPU.ActiveCfg = Debug|Any CPU
		{541D2883-1BD2-1B47-2706-00EB3616B8BA}.Debug|Any CPU.Build.0 = Debug|Any CPU
		{541D2883-1BD2-1B47-2706-00EB3616B8BA}.Release|Any CPU.ActiveCfg = Release|Any CPU
		{541D2883-1BD2-1B47-2706-00EB3616B8BA}.Release|Any CPU.Build.0 = Release|Any CPU
		{1A64D318-4630-B97A-F4CF-4C680A253F37}.Debug|Any CPU.ActiveCfg = Debug|Any CPU
		{1A64D318-4630-B97A-F4CF-4C680A253F37}.Debug|Any CPU.Build.0 = Debug|Any CPU
		{1A64D318-4630-B97A-F4CF-4C680A253F37}.Release|Any CPU.ActiveCfg = Release|Any CPU
		{1A64D318-4630-B97A-F4CF-4C680A253F37}.Release|Any CPU.Build.0 = Release|Any CPU
		{ADF094EB-36AB-33EC-B340-E9426A5979FB}.Debug|Any CPU.ActiveCfg = Debug|Any CPU
		{ADF094EB-36AB-33EC-B340-E9426A5979FB}.Debug|Any CPU.Build.0 = Debug|Any CPU
		{ADF094EB-36AB-33EC-B340-E9426A5979FB}.Release|Any CPU.ActiveCfg = Release|Any CPU
		{ADF094EB-36AB-33EC-B340-E9426A5979FB}.Release|Any CPU.Build.0 = Release|Any CPU
		{747CAC8A-2472-E64B-EAF2-634D7F452DC3}.Debug|Any CPU.ActiveCfg = Debug|Any CPU
		{747CAC8A-2472-E64B-EAF2-634D7F452DC3}.Debug|Any CPU.Build.0 = Debug|Any CPU
		{747CAC8A-2472-E64B-EAF2-634D7F452DC3}.Release|Any CPU.ActiveCfg = Release|Any CPU
		{747CAC8A-2472-E64B-EAF2-634D7F452DC3}.Release|Any CPU.Build.0 = Release|Any CPU
	EndGlobalSection
	GlobalSection(SolutionProperties) = preSolution
		HideSolutionNode = FALSE
	EndGlobalSection
	GlobalSection(NestedProjects) = preSolution
		{C54B0EAF-67A3-529F-520D-6E14EF832FE0} = {9364E166-87C3-36D9-DF19-F119B74C9C03}
		{7FA6A233-7F73-C258-383F-D4D75C1AA433} = {9364E166-87C3-36D9-DF19-F119B74C9C03}
		{0779BD2E-A24C-D01A-701A-59816A6C4A95} = {9364E166-87C3-36D9-DF19-F119B74C9C03}
		{541D2883-1BD2-1B47-2706-00EB3616B8BA} = {71FBB365-9758-C415-28F0-6869D3EDE9E7}
		{1A64D318-4630-B97A-F4CF-4C680A253F37} = {71FBB365-9758-C415-28F0-6869D3EDE9E7}
		{ADF094EB-36AB-33EC-B340-E9426A5979FB} = {71FBB365-9758-C415-28F0-6869D3EDE9E7}
		{747CAC8A-2472-E64B-EAF2-634D7F452DC3} = {71FBB365-9758-C415-28F0-6869D3EDE9E7}
	EndGlobalSection
	GlobalSection(ExtensibilityGlobals) = postSolution
		SolutionGuid = {E8A4954A-3CD5-4341-9F64-3E5D3FC51CC7}
	EndGlobalSection
EndGlobal
